// !$*UTF8*$!
{
	archiveVersion = 1;
	classes = {
	};
	objectVersion = 48;
	objects = {

/* Begin PBXBuildFile section */
		069B295420216B1C00D09EBE /* AppDelegate.swift in Sources */ = {isa = PBXBuildFile; fileRef = 069B295320216B1C00D09EBE /* AppDelegate.swift */; };
		069B295620216B1C00D09EBE /* ViewController.swift in Sources */ = {isa = PBXBuildFile; fileRef = 069B295520216B1C00D09EBE /* ViewController.swift */; };
		069B295920216B1C00D09EBE /* Main.storyboard in Resources */ = {isa = PBXBuildFile; fileRef = 069B295720216B1C00D09EBE /* Main.storyboard */; };
		069B295B20216B1C00D09EBE /* Assets.xcassets in Resources */ = {isa = PBXBuildFile; fileRef = 069B295A20216B1C00D09EBE /* Assets.xcassets */; };
		069B295E20216B1C00D09EBE /* LaunchScreen.storyboard in Resources */ = {isa = PBXBuildFile; fileRef = 069B295C20216B1C00D09EBE /* LaunchScreen.storyboard */; };
		069B296620216E7600D09EBE /* Mini1.swift in Sources */ = {isa = PBXBuildFile; fileRef = 069B296520216E7600D09EBE /* Mini1.swift */; };
		E90FC4B420216F71001846AE /* Air1.swift in Sources */ = {isa = PBXBuildFile; fileRef = E90FC4B320216F71001846AE /* Air1.swift */; };
/* End PBXBuildFile section */

/* Begin PBXFileReference section */
		069B295020216B1C00D09EBE /* GitInitMTV.app */ = {isa = PBXFileReference; explicitFileType = wrapper.application; includeInIndex = 0; path = GitInitMTV.app; sourceTree = BUILT_PRODUCTS_DIR; };
		069B295320216B1C00D09EBE /* AppDelegate.swift */ = {isa = PBXFileReference; lastKnownFileType = sourcecode.swift; path = AppDelegate.swift; sourceTree = "<group>"; };
		069B295520216B1C00D09EBE /* ViewController.swift */ = {isa = PBXFileReference; lastKnownFileType = sourcecode.swift; path = ViewController.swift; sourceTree = "<group>"; };
		069B295820216B1C00D09EBE /* Base */ = {isa = PBXFileReference; lastKnownFileType = file.storyboard; name = Base; path = Base.lproj/Main.storyboard; sourceTree = "<group>"; };
		069B295A20216B1C00D09EBE /* Assets.xcassets */ = {isa = PBXFileReference; lastKnownFileType = folder.assetcatalog; path = Assets.xcassets; sourceTree = "<group>"; };
		069B295D20216B1C00D09EBE /* Base */ = {isa = PBXFileReference; lastKnownFileType = file.storyboard; name = Base; path = Base.lproj/LaunchScreen.storyboard; sourceTree = "<group>"; };
		069B295F20216B1C00D09EBE /* Info.plist */ = {isa = PBXFileReference; lastKnownFileType = text.plist.xml; path = Info.plist; sourceTree = "<group>"; };
		069B296520216E7600D09EBE /* Mini1.swift */ = {isa = PBXFileReference; lastKnownFileType = sourcecode.swift; path = Mini1.swift; sourceTree = "<group>"; };
		E90FC4B320216F71001846AE /* Air1.swift */ = {isa = PBXFileReference; lastKnownFileType = sourcecode.swift; path = Air1.swift; sourceTree = "<group>"; };
/* End PBXFileReference section */

/* Begin PBXFrameworksBuildPhase section */
		069B294D20216B1C00D09EBE /* Frameworks */ = {
			isa = PBXFrameworksBuildPhase;
			buildActionMask = 2147483647;
			files = (
			);
			runOnlyForDeploymentPostprocessing = 0;
		};
/* End PBXFrameworksBuildPhase section */

/* Begin PBXGroup section */
		069B294720216B1C00D09EBE = {
			isa = PBXGroup;
			children = (
				069B295220216B1C00D09EBE /* GitInitMTV */,
				069B295120216B1C00D09EBE /* Products */,
			);
			sourceTree = "<group>";
		};
		069B295120216B1C00D09EBE /* Products */ = {
			isa = PBXGroup;
			children = (
				069B295020216B1C00D09EBE /* GitInitMTV.app */,
			);
			name = Products;
			sourceTree = "<group>";
		};
		069B295220216B1C00D09EBE /* GitInitMTV */ = {
			isa = PBXGroup;
			children = (
				069B295320216B1C00D09EBE /* AppDelegate.swift */,
				069B295520216B1C00D09EBE /* ViewController.swift */,
				E90FC4B320216F71001846AE /* Air1.swift */,
				069B296520216E7600D09EBE /* Mini1.swift */,
				069B295720216B1C00D09EBE /* Main.storyboard */,
				069B295A20216B1C00D09EBE /* Assets.xcassets */,
				069B295C20216B1C00D09EBE /* LaunchScreen.storyboard */,
				069B295F20216B1C00D09EBE /* Info.plist */,
			);
			path = GitInitMTV;
			sourceTree = "<group>";
		};
/* End PBXGroup section */

/* Begin PBXNativeTarget section */
		069B294F20216B1C00D09EBE /* GitInitMTV */ = {
			isa = PBXNativeTarget;
			buildConfigurationList = 069B296220216B1C00D09EBE /* Build configuration list for PBXNativeTarget "GitInitMTV" */;
			buildPhases = (
				069B294C20216B1C00D09EBE /* Sources */,
				069B294D20216B1C00D09EBE /* Frameworks */,
				069B294E20216B1C00D09EBE /* Resources */,
			);
			buildRules = (
			);
			dependencies = (
			);
			name = GitInitMTV;
			productName = GitInitMTV;
			productReference = 069B295020216B1C00D09EBE /* GitInitMTV.app */;
			productType = "com.apple.product-type.application";
		};
/* End PBXNativeTarget section */

/* Begin PBXProject section */
		069B294820216B1C00D09EBE /* Project object */ = {
			isa = PBXProject;
			attributes = {
				LastSwiftUpdateCheck = 0920;
				LastUpgradeCheck = 0920;
				ORGANIZATIONNAME = LY;
				TargetAttributes = {
					069B294F20216B1C00D09EBE = {
						CreatedOnToolsVersion = 9.2;
						ProvisioningStyle = Automatic;
					};
				};
			};
			buildConfigurationList = 069B294B20216B1C00D09EBE /* Build configuration list for PBXProject "GitInitMTV" */;
			compatibilityVersion = "Xcode 8.0";
			developmentRegion = en;
			hasScannedForEncodings = 0;
			knownRegions = (
				en,
				Base,
			);
			mainGroup = 069B294720216B1C00D09EBE;
			productRefGroup = 069B295120216B1C00D09EBE /* Products */;
			projectDirPath = "";
			projectRoot = "";
			targets = (
				069B294F20216B1C00D09EBE /* GitInitMTV */,
			);
		};
/* End PBXProject section */

/* Begin PBXResourcesBuildPhase section */
		069B294E20216B1C00D09EBE /* Resources */ = {
			isa = PBXResourcesBuildPhase;
			buildActionMask = 2147483647;
			files = (
				069B295E20216B1C00D09EBE /* LaunchScreen.storyboard in Resources */,
				069B295B20216B1C00D09EBE /* Assets.xcassets in Resources */,
				069B295920216B1C00D09EBE /* Main.storyboard in Resources */,
			);
			runOnlyForDeploymentPostprocessing = 0;
		};
/* End PBXResourcesBuildPhase section */

/* Begin PBXSourcesBuildPhase section */
		069B294C20216B1C00D09EBE /* Sources */ = {
			isa = PBXSourcesBuildPhase;
			buildActionMask = 2147483647;
			files = (
				069B296620216E7600D09EBE /* Mini1.swift in Sources */,
				E90FC4B420216F71001846AE /* Air1.swift in Sources */,
				069B295620216B1C00D09EBE /* ViewController.swift in Sources */,
				069B295420216B1C00D09EBE /* AppDelegate.swift in Sources */,
			);
			runOnlyForDeploymentPostprocessing = 0;
		};
/* End PBXSourcesBuildPhase section */

/* Begin PBXVariantGroup section */
		069B295720216B1C00D09EBE /* Main.storyboard */ = {
			isa = PBXVariantGroup;
			children = (
				069B295820216B1C00D09EBE /* Base */,
			);
			name = Main.storyboard;
			sourceTree = "<group>";
		};
		069B295C20216B1C00D09EBE /* LaunchScreen.storyboard */ = {
			isa = PBXVariantGroup;
			children = (
				069B295D20216B1C00D09EBE /* Base */,
			);
			name = LaunchScreen.storyboard;
			sourceTree = "<group>";
		};
/* End PBXVariantGroup section */

/* Begin XCBuildConfiguration section */
		069B296020216B1C00D09EBE /* Debug */ = {
			isa = XCBuildConfiguration;
			buildSettings = {
				ALWAYS_SEARCH_USER_PATHS = NO;
				CLANG_ANALYZER_NONNULL = YES;
				CLANG_ANALYZER_NUMBER_OBJECT_CONVERSION = YES_AGGRESSIVE;
				CLANG_CXX_LANGUAGE_STANDARD = "gnu++14";
				CLANG_CXX_LIBRARY = "libc++";
				CLANG_ENABLE_MODULES = YES;
				CLANG_ENABLE_OBJC_ARC = YES;
				CLANG_WARN_BLOCK_CAPTURE_AUTORELEASING = YES;
				CLANG_WARN_BOOL_CONVERSION = YES;
				CLANG_WARN_COMMA = YES;
				CLANG_WARN_CONSTANT_CONVERSION = YES;
				CLANG_WARN_DIRECT_OBJC_ISA_USAGE = YES_ERROR;
				CLANG_WARN_DOCUMENTATION_COMMENTS = YES;
				CLANG_WARN_EMPTY_BODY = YES;
				CLANG_WARN_ENUM_CONVERSION = YES;
				CLANG_WARN_INFINITE_RECURSION = YES;
				CLANG_WARN_INT_CONVERSION = YES;
				CLANG_WARN_NON_LITERAL_NULL_CONVERSION = YES;
				CLANG_WARN_OBJC_LITERAL_CONVERSION = YES;
				CLANG_WARN_OBJC_ROOT_CLASS = YES_ERROR;
				CLANG_WARN_RANGE_LOOP_ANALYSIS = YES;
				CLANG_WARN_STRICT_PROTOTYPES = YES;
				CLANG_WARN_SUSPICIOUS_MOVE = YES;
				CLANG_WARN_UNGUARDED_AVAILABILITY = YES_AGGRESSIVE;
				CLANG_WARN_UNREACHABLE_CODE = YES;
				CLANG_WARN__DUPLICATE_METHOD_MATCH = YES;
				CODE_SIGN_IDENTITY = "iPhone Developer";
				COPY_PHASE_STRIP = NO;
				DEBUG_INFORMATION_FORMAT = dwarf;
				ENABLE_STRICT_OBJC_MSGSEND = YES;
				ENABLE_TESTABILITY = YES;
				GCC_C_LANGUAGE_STANDARD = gnu11;
				GCC_DYNAMIC_NO_PIC = NO;
				GCC_NO_COMMON_BLOCKS = YES;
				GCC_OPTIMIZATION_LEVEL = 0;
				GCC_PREPROCESSOR_DEFINITIONS = (
					"DEBUG=1",
					"$(inherited)",
				);
				GCC_WARN_64_TO_32_BIT_CONVERSION = YES;
				GCC_WARN_ABOUT_RETURN_TYPE = YES_ERROR;
				GCC_WARN_UNDECLARED_SELECTOR = YES;
				GCC_WARN_UNINITIALIZED_AUTOS = YES_AGGRESSIVE;
				GCC_WARN_UNUSED_FUNCTION = YES;
				GCC_WARN_UNUSED_VARIABLE = YES;
				IPHONEOS_DEPLOYMENT_TARGET = 11.2;
				MTL_ENABLE_DEBUG_INFO = YES;
				ONLY_ACTIVE_ARCH = YES;
				SDKROOT = iphoneos;
				SWIFT_ACTIVE_COMPILATION_CONDITIONS = DEBUG;
				SWIFT_OPTIMIZATION_LEVEL = "-Onone";
			};
			name = Debug;
		};
		069B296120216B1C00D09EBE /* Release */ = {
			isa = XCBuildConfiguration;
			buildSettings = {
				ALWAYS_SEARCH_USER_PATHS = NO;
				CLANG_ANALYZER_NONNULL = YES;
				CLANG_ANALYZER_NUMBER_OBJECT_CONVERSION = YES_AGGRESSIVE;
				CLANG_CXX_LANGUAGE_STANDARD = "gnu++14";
				CLANG_CXX_LIBRARY = "libc++";
				CLANG_ENABLE_MODULES = YES;
				CLANG_ENABLE_OBJC_ARC = YES;
				CLANG_WARN_BLOCK_CAPTURE_AUTORELEASING = YES;
				CLANG_WARN_BOOL_CONVERSION = YES;
				CLANG_WARN_COMMA = YES;
				CLANG_WARN_CONSTANT_CONVERSION = YES;
				CLANG_WARN_DIRECT_OBJC_ISA_USAGE = YES_ERROR;
				CLANG_WARN_DOCUMENTATION_COMMENTS = YES;
				CLANG_WARN_EMPTY_BODY = YES;
				CLANG_WARN_ENUM_CONVERSION = YES;
				CLANG_WARN_INFINITE_RECURSION = YES;
				CLANG_WARN_INT_CONVERSION = YES;
				CLANG_WARN_NON_LITERAL_NULL_CONVERSION = YES;
				CLANG_WARN_OBJC_LITERAL_CONVERSION = YES;
				CLANG_WARN_OBJC_ROOT_CLASS = YES_ERROR;
				CLANG_WARN_RANGE_LOOP_ANALYSIS = YES;
				CLANG_WARN_STRICT_PROTOTYPES = YES;
				CLANG_WARN_SUSPICIOUS_MOVE = YES;
				CLANG_WARN_UNGUARDED_AVAILABILITY = YES_AGGRESSIVE;
				CLANG_WARN_UNREACHABLE_CODE = YES;
				CLANG_WARN__DUPLICATE_METHOD_MATCH = YES;
				CODE_SIGN_IDENTITY = "iPhone Developer";
				COPY_PHASE_STRIP = NO;
				DEBUG_INFORMATION_FORMAT = "dwarf-with-dsym";
				ENABLE_NS_ASSERTIONS = NO;
				ENABLE_STRICT_OBJC_MSGSEND = YES;
				GCC_C_LANGUAGE_STANDARD = gnu11;
				GCC_NO_COMMON_BLOCKS = YES;
				GCC_WARN_64_TO_32_BIT_CONVERSION = YES;
				GCC_WARN_ABOUT_RETURN_TYPE = YES_ERROR;
				GCC_WARN_UNDECLARED_SELECTOR = YES;
				GCC_WARN_UNINITIALIZED_AUTOS = YES_AGGRESSIVE;
				GCC_WARN_UNUSED_FUNCTION = YES;
				GCC_WARN_UNUSED_VARIABLE = YES;
				IPHONEOS_DEPLOYMENT_TARGET = 11.2;
				MTL_ENABLE_DEBUG_INFO = NO;
				SDKROOT = iphoneos;
				SWIFT_OPTIMIZATION_LEVEL = "-Owholemodule";
				VALIDATE_PRODUCT = YES;
			};
			name = Release;
		};
		069B296320216B1C00D09EBE /* Debug */ = {
			isa = XCBuildConfiguration;
			buildSettings = {
				ASSETCATALOG_COMPILER_APPICON_NAME = AppIcon;
				CODE_SIGN_STYLE = Automatic;
				DEVELOPMENT_TEAM = L3H8H363LA;
				INFOPLIST_FILE = GitInitMTV/Info.plist;
				LD_RUNPATH_SEARCH_PATHS = "$(inherited) @executable_path/Frameworks";
				PRODUCT_BUNDLE_IDENTIFIER = com.LY.GitInitMTV;
				PRODUCT_NAME = "$(TARGET_NAME)";
				SWIFT_VERSION = 4.0;
				TARGETED_DEVICE_FAMILY = "1,2";
			};
			name = Debug;
		};
		069B296420216B1C00D09EBE /* Release */ = {
			isa = XCBuildConfiguration;
			buildSettings = {
				ASSETCATALOG_COMPILER_APPICON_NAME = AppIcon;
				CODE_SIGN_STYLE = Automatic;
				DEVELOPMENT_TEAM = L3H8H363LA;
				INFOPLIST_FILE = GitInitMTV/Info.plist;
				LD_RUNPATH_SEARCH_PATHS = "$(inherited) @executable_path/Frameworks";
				PRODUCT_BUNDLE_IDENTIFIER = com.LY.GitInitMTV;
				PRODUCT_NAME = "$(TARGET_NAME)";
				SWIFT_VERSION = 4.0;
				TARGETED_DEVICE_FAMILY = "1,2";
			};
			name = Release;
		};
/* End XCBuildConfiguration section */

/* Begin XCConfigurationList section */
		069B294B20216B1C00D09EBE /* Build configuration list for PBXProject "GitInitMTV" */ = {
			isa = XCConfigurationList;
			buildConfigurations = (
				069B296020216B1C00D09EBE /* Debug */,
				069B296120216B1C00D09EBE /* Release */,
			);
			defaultConfigurationIsVisible = 0;
			defaultConfigurationName = Release;
		};
		069B296220216B1C00D09EBE /* Build configuration list for PBXNativeTarget "GitInitMTV" */ = {
			isa = XCConfigurationList;
			buildConfigurations = (
				069B296320216B1C00D09EBE /* Debug */,
				069B296420216B1C00D09EBE /* Release */,
			);
			defaultConfigurationIsVisible = 0;
			defaultConfigurationName = Release;
		};
/* End XCConfigurationList section */
	};
	rootObject = 069B294820216B1C00D09EBE /* Project object */;
}
